schema: '2.0'
stages:
  data_ingestion:
    cmd: python src/data/data_ingestion.py
    deps:
    - path: src/data/data_ingestion.py
      hash: md5
      md5: cf83b54acf04d88bdbaeb316578a71d9
      size: 7663
    params:
      params.yaml:
        data_ingestion.test_size: 0.2
    outs:
    - path: data/interim
      hash: md5
      md5: fb326d2eec197669f9638afde28356bf.dir
      size: 827973
      nfiles: 2
  feature_engineering:
    cmd: python src/features/feature_engineering.py
    deps:
    - path: data/interim
      hash: md5
      md5: fb326d2eec197669f9638afde28356bf.dir
      size: 827973
      nfiles: 2
    - path: params.yaml
      hash: md5
      md5: e0defb451b71dd4031684c8ad81779d3
      size: 143
    - path: src/features/feature_engineering.py
      hash: md5
      md5: b4a017a5532958ddda6e9fa34f9a4f19
      size: 6537
    outs:
    - path: data/processed/test_tfidf.csv
      hash: md5
      md5: 21ee9145022aaa4bdb06339ad2adf0c9
      size: 41866347
    - path: data/processed/train_tfidf.csv
      hash: md5
      md5: 0990d94e6eace2eb1131b187aa055515
      size: 167444051
  model_building:
    cmd: python src/models/model_building.py
    deps:
    - path: data/processed
      hash: md5
      md5: bd8942ac727360b4426b58273c9ae7b1.dir
      size: 209310398
      nfiles: 3
    - path: src/models/model_building.py
      hash: md5
      md5: ef4fa34d39db3b017989b3ce310189e2
      size: 6156
    outs:
    - path: models/model.pkl
      hash: md5
      md5: d1f87fa7080ff4b8000a81680ac7d382
      size: 135277
  model_evaluation:
    cmd: python src/models/model_evaluation.py
    deps:
    - path: data/processed/test_tfidf.csv
      hash: md5
      md5: 21ee9145022aaa4bdb06339ad2adf0c9
      size: 41866347
    - path: models/model.pkl
      hash: md5
      md5: d1f87fa7080ff4b8000a81680ac7d382
      size: 135277
    - path: src/models/model_evaluation.py
      hash: md5
      md5: a308a239ff74fdf5e5045abbb8c263ee
      size: 7020
    outs:
    - path: reports/metrics.json
      hash: md5
      md5: fe11f4a92551fa2123620cbace96146a
      size: 144
